// !$*UTF8*$!
{
	archiveVersion = 1;
	classes = {
	};
	objectVersion = 46;
	objects = {

/* Begin PBXBuildFile section */
		045DED561E5C540D0048D31B /* AppDelegate.swift in Sources */ = {isa = PBXBuildFile; fileRef = 045DED551E5C540D0048D31B /* AppDelegate.swift */; };
		045DED581E5C540D0048D31B /* ViewController.swift in Sources */ = {isa = PBXBuildFile; fileRef = 045DED571E5C540D0048D31B /* ViewController.swift */; };
		045DED5B1E5C540D0048D31B /* Main.storyboard in Resources */ = {isa = PBXBuildFile; fileRef = 045DED591E5C540D0048D31B /* Main.storyboard */; };
		045DED5D1E5C540E0048D31B /* Assets.xcassets in Resources */ = {isa = PBXBuildFile; fileRef = 045DED5C1E5C540E0048D31B /* Assets.xcassets */; };
		045DED601E5C540E0048D31B /* LaunchScreen.storyboard in Resources */ = {isa = PBXBuildFile; fileRef = 045DED5E1E5C540E0048D31B /* LaunchScreen.storyboard */; };
		045DED6B1E5C540E0048D31B /* ContactsEffectTests.swift in Sources */ = {isa = PBXBuildFile; fileRef = 045DED6A1E5C540E0048D31B /* ContactsEffectTests.swift */; };
		045DED761E5C57240048D31B /* ContactsTableViewController.swift in Sources */ = {isa = PBXBuildFile; fileRef = 045DED751E5C57240048D31B /* ContactsTableViewController.swift */; };
		045DED781E5C5C620048D31B /* TheObjectCalledContact.swift in Sources */ = {isa = PBXBuildFile; fileRef = 045DED771E5C5C620048D31B /* TheObjectCalledContact.swift */; };
		045DED7A1E5C66110048D31B /* NameAndPhoneOfTheContactViewController.swift in Sources */ = {isa = PBXBuildFile; fileRef = 045DED791E5C66110048D31B /* NameAndPhoneOfTheContactViewController.swift */; };
/* End PBXBuildFile section */

/* Begin PBXContainerItemProxy section */
		045DED671E5C540E0048D31B /* PBXContainerItemProxy */ = {
			isa = PBXContainerItemProxy;
			containerPortal = 045DED4A1E5C540D0048D31B /* Project object */;
			proxyType = 1;
			remoteGlobalIDString = 045DED511E5C540D0048D31B;
			remoteInfo = ContactsEffect;
		};
/* End PBXContainerItemProxy section */

/* Begin PBXFileReference section */
		045DED521E5C540D0048D31B /* ContactsEffect.app */ = {isa = PBXFileReference; explicitFileType = wrapper.application; includeInIndex = 0; path = ContactsEffect.app; sourceTree = BUILT_PRODUCTS_DIR; };
		045DED551E5C540D0048D31B /* AppDelegate.swift */ = {isa = PBXFileReference; lastKnownFileType = sourcecode.swift; path = AppDelegate.swift; sourceTree = "<group>"; };
		045DED571E5C540D0048D31B /* ViewController.swift */ = {isa = PBXFileReference; lastKnownFileType = sourcecode.swift; path = ViewController.swift; sourceTree = "<group>"; };
		045DED5A1E5C540D0048D31B /* Base */ = {isa = PBXFileReference; lastKnownFileType = file.storyboard; name = Base; path = Base.lproj/Main.storyboard; sourceTree = "<group>"; };
		045DED5C1E5C540E0048D31B /* Assets.xcassets */ = {isa = PBXFileReference; lastKnownFileType = folder.assetcatalog; path = Assets.xcassets; sourceTree = "<group>"; };
		045DED5F1E5C540E0048D31B /* Base */ = {isa = PBXFileReference; lastKnownFileType = file.storyboard; name = Base; path = Base.lproj/LaunchScreen.storyboard; sourceTree = "<group>"; };
		045DED611E5C540E0048D31B /* Info.plist */ = {isa = PBXFileReference; lastKnownFileType = text.plist.xml; path = Info.plist; sourceTree = "<group>"; };
		045DED661E5C540E0048D31B /* ContactsEffectTests.xctest */ = {isa = PBXFileReference; explicitFileType = wrapper.cfbundle; includeInIndex = 0; path = ContactsEffectTests.xctest; sourceTree = BUILT_PRODUCTS_DIR; };
		045DED6A1E5C540E0048D31B /* ContactsEffectTests.swift */ = {isa = PBXFileReference; lastKnownFileType = sourcecode.swift; path = ContactsEffectTests.swift; sourceTree = "<group>"; };
		045DED6C1E5C540E0048D31B /* Info.plist */ = {isa = PBXFileReference; lastKnownFileType = text.plist.xml; path = Info.plist; sourceTree = "<group>"; };
		045DED751E5C57240048D31B /* ContactsTableViewController.swift */ = {isa = PBXFileReference; fileEncoding = 4; lastKnownFileType = sourcecode.swift; path = ContactsTableViewController.swift; sourceTree = "<group>"; };
		045DED771E5C5C620048D31B /* TheObjectCalledContact.swift */ = {isa = PBXFileReference; fileEncoding = 4; lastKnownFileType = sourcecode.swift; path = TheObjectCalledContact.swift; sourceTree = "<group>"; };
		045DED791E5C66110048D31B /* NameAndPhoneOfTheContactViewController.swift */ = {isa = PBXFileReference; fileEncoding = 4; lastKnownFileType = sourcecode.swift; path = NameAndPhoneOfTheContactViewController.swift; sourceTree = "<group>"; };
/* End PBXFileReference section */

/* Begin PBXFrameworksBuildPhase section */
		045DED4F1E5C540D0048D31B /* Frameworks */ = {
			isa = PBXFrameworksBuildPhase;
			buildActionMask = 2147483647;
			files = (
			);
			runOnlyForDeploymentPostprocessing = 0;
		};
		045DED631E5C540E0048D31B /* Frameworks */ = {
			isa = PBXFrameworksBuildPhase;
			buildActionMask = 2147483647;
			files = (
			);
			runOnlyForDeploymentPostprocessing = 0;
		};
/* End PBXFrameworksBuildPhase section */

/* Begin PBXGroup section */
		045DED491E5C540D0048D31B = {
			isa = PBXGroup;
			children = (
				045DED541E5C540D0048D31B /* ContactsEffect */,
				045DED691E5C540E0048D31B /* ContactsEffectTests */,
				045DED531E5C540D0048D31B /* Products */,
			);
			sourceTree = "<group>";
		};
		045DED531E5C540D0048D31B /* Products */ = {
			isa = PBXGroup;
			children = (
				045DED521E5C540D0048D31B /* ContactsEffect.app */,
				045DED661E5C540E0048D31B /* ContactsEffectTests.xctest */,
			);
			name = Products;
			sourceTree = "<group>";
		};
		045DED541E5C540D0048D31B /* ContactsEffect */ = {
			isa = PBXGroup;
			children = (
				045DED551E5C540D0048D31B /* AppDelegate.swift */,
				045DED571E5C540D0048D31B /* ViewController.swift */,
				045DED591E5C540D0048D31B /* Main.storyboard */,
				045DED791E5C66110048D31B /* NameAndPhoneOfTheContactViewController.swift */,
				045DED771E5C5C620048D31B /* TheObjectCalledContact.swift */,
				045DED751E5C57240048D31B /* ContactsTableViewController.swift */,
				045DED5C1E5C540E0048D31B /* Assets.xcassets */,
				045DED5E1E5C540E0048D31B /* LaunchScreen.storyboard */,
				045DED611E5C540E0048D31B /* Info.plist */,
			);
			path = ContactsEffect;
			sourceTree = "<group>";
		};
		045DED691E5C540E0048D31B /* ContactsEffectTests */ = {
			isa = PBXGroup;
			children = (
				045DED6A1E5C540E0048D31B /* ContactsEffectTests.swift */,
				045DED6C1E5C540E0048D31B /* Info.plist */,
			);
			path = ContactsEffectTests;
			sourceTree = "<group>";
		};
/* End PBXGroup section */

/* Begin PBXNativeTarget section */
		045DED511E5C540D0048D31B /* ContactsEffect */ = {
			isa = PBXNativeTarget;
			buildConfigurationList = 045DED6F1E5C540E0048D31B /* Build configuration list for PBXNativeTarget "ContactsEffect" */;
			buildPhases = (
				045DED4E1E5C540D0048D31B /* Sources */,
				045DED4F1E5C540D0048D31B /* Frameworks */,
				045DED501E5C540D0048D31B /* Resources */,
			);
			buildRules = (
			);
			dependencies = (
			);
			name = ContactsEffect;
			productName = ContactsEffect;
			productReference = 045DED521E5C540D0048D31B /* ContactsEffect.app */;
			productType = "com.apple.product-type.application";
		};
		045DED651E5C540E0048D31B /* ContactsEffectTests */ = {
			isa = PBXNativeTarget;
			buildConfigurationList = 045DED721E5C540E0048D31B /* Build configuration list for PBXNativeTarget "ContactsEffectTests" */;
			buildPhases = (
				045DED621E5C540E0048D31B /* Sources */,
				045DED631E5C540E0048D31B /* Frameworks */,
				045DED641E5C540E0048D31B /* Resources */,
			);
			buildRules = (
			);
			dependencies = (
				045DED681E5C540E0048D31B /* PBXTargetDependency */,
			);
			name = ContactsEffectTests;
			productName = ContactsEffectTests;
			productReference = 045DED661E5C540E0048D31B /* ContactsEffectTests.xctest */;
			productType = "com.apple.product-type.bundle.unit-test";
		};
/* End PBXNativeTarget section */

/* Begin PBXProject section */
		045DED4A1E5C540D0048D31B /* Project object */ = {
			isa = PBXProject;
			attributes = {
				LastSwiftUpdateCheck = 0820;
				LastUpgradeCheck = 0820;
				ORGANIZATIONNAME = Ioannis;
				TargetAttributes = {
					045DED511E5C540D0048D31B = {
						CreatedOnToolsVersion = 8.2.1;
						ProvisioningStyle = Automatic;
					};
					045DED651E5C540E0048D31B = {
						CreatedOnToolsVersion = 8.2.1;
						ProvisioningStyle = Automatic;
						TestTargetID = 045DED511E5C540D0048D31B;
					};
				};
			};
			buildConfigurationList = 045DED4D1E5C540D0048D31B /* Build configuration list for PBXProject "ContactsEffect" */;
			compatibilityVersion = "Xcode 3.2";
			developmentRegion = English;
			hasScannedForEncodings = 0;
			knownRegions = (
				en,
				Base,
			);
			mainGroup = 045DED491E5C540D0048D31B;
			productRefGroup = 045DED531E5C540D0048D31B /* Products */;
			projectDirPath = "";
			projectRoot = "";
			targets = (
				045DED511E5C540D0048D31B /* ContactsEffect */,
				045DED651E5C540E0048D31B /* ContactsEffectTests */,
			);
		};
/* End PBXProject section */

/* Begin PBXResourcesBuildPhase section */
		045DED501E5C540D0048D31B /* Resources */ = {
			isa = PBXResourcesBuildPhase;
			buildActionMask = 2147483647;
			files = (
				045DED601E5C540E0048D31B /* LaunchScreen.storyboard in Resources */,
				045DED5D1E5C540E0048D31B /* Assets.xcassets in Resources */,
				045DED5B1E5C540D0048D31B /* Main.storyboard in Resources */,
			);
			runOnlyForDeploymentPostprocessing = 0;
		};
		045DED641E5C540E0048D31B /* Resources */ = {
			isa = PBXResourcesBuildPhase;
			buildActionMask = 2147483647;
			files = (
			);
			runOnlyForDeploymentPostprocessing = 0;
		};
/* End PBXResourcesBuildPhase section */

/* Begin PBXSourcesBuildPhase section */
		045DED4E1E5C540D0048D31B /* Sources */ = {
			isa = PBXSourcesBuildPhase;
			buildActionMask = 2147483647;
			files = (
				045DED7A1E5C66110048D31B /* NameAndPhoneOfTheContactViewController.swift in Sources */,
				045DED781E5C5C620048D31B /* TheObjectCalledContact.swift in Sources */,
				045DED581E5C540D0048D31B /* ViewController.swift in Sources */,
				045DED561E5C540D0048D31B /* AppDelegate.swift in Sources */,
				045DED761E5C57240048D31B /* ContactsTableViewController.swift in Sources */,
			);
			runOnlyForDeploymentPostprocessing = 0;
		};
		045DED621E5C540E0048D31B /* Sources */ = {
			isa = PBXSourcesBuildPhase;
			buildActionMask = 2147483647;
			files = (
				045DED6B1E5C540E0048D31B /* ContactsEffectTests.swift in Sources */,
			);
			runOnlyForDeploymentPostprocessing = 0;
		};
/* End PBXSourcesBuildPhase section */

/* Begin PBXTargetDependency section */
		045DED681E5C540E0048D31B /* PBXTargetDependency */ = {
			isa = PBXTargetDependency;
			target = 045DED511E5C540D0048D31B /* ContactsEffect */;
			targetProxy = 045DED671E5C540E0048D31B /* PBXContainerItemProxy */;
		};
/* End PBXTargetDependency section */

/* Begin PBXVariantGroup section */
		045DED591E5C540D0048D31B /* Main.storyboard */ = {
			isa = PBXVariantGroup;
			children = (
				045DED5A1E5C540D0048D31B /* Base */,
			);
			name = Main.storyboard;
			sourceTree = "<group>";
		};
		045DED5E1E5C540E0048D31B /* LaunchScreen.storyboard */ = {
			isa = PBXVariantGroup;
			children = (
				045DED5F1E5C540E0048D31B /* Base */,
			);
			name = LaunchScreen.storyboard;
			sourceTree = "<group>";
		};
/* End PBXVariantGroup section */

/* Begin XCBuildConfiguration section */
		045DED6D1E5C540E0048D31B /* Debug */ = {
			isa = XCBuildConfiguration;
			buildSettings = {
				ALWAYS_SEARCH_USER_PATHS = NO;
				CLANG_ANALYZER_NONNULL = YES;
				CLANG_CXX_LANGUAGE_STANDARD = "gnu++0x";
				CLANG_CXX_LIBRARY = "libc++";
				CLANG_ENABLE_MODULES = YES;
				CLANG_ENABLE_OBJC_ARC = YES;
				CLANG_WARN_BOOL_CONVERSION = YES;
				CLANG_WARN_CONSTANT_CONVERSION = YES;
				CLANG_WARN_DIRECT_OBJC_ISA_USAGE = YES_ERROR;
				CLANG_WARN_DOCUMENTATION_COMMENTS = YES;
				CLANG_WARN_EMPTY_BODY = YES;
				CLANG_WARN_ENUM_CONVERSION = YES;
				CLANG_WARN_INFINITE_RECURSION = YES;
				CLANG_WARN_INT_CONVERSION = YES;
				CLANG_WARN_OBJC_ROOT_CLASS = YES_ERROR;
				CLANG_WARN_SUSPICIOUS_MOVE = YES;
				CLANG_WARN_UNREACHABLE_CODE = YES;
				CLANG_WARN__DUPLICATE_METHOD_MATCH = YES;
				"CODE_SIGN_IDENTITY[sdk=iphoneos*]" = "iPhone Developer";
				COPY_PHASE_STRIP = NO;
				DEBUG_INFORMATION_FORMAT = dwarf;
				ENABLE_STRICT_OBJC_MSGSEND = YES;
				ENABLE_TESTABILITY = YES;
				GCC_C_LANGUAGE_STANDARD = gnu99;
				GCC_DYNAMIC_NO_PIC = NO;
				GCC_NO_COMMON_BLOCKS = YES;
				GCC_OPTIMIZATION_LEVEL = 0;
				GCC_PREPROCESSOR_DEFINITIONS = (
					"DEBUG=1",
					"$(inherited)",
				);
				GCC_WARN_64_TO_32_BIT_CONVERSION = YES;
				GCC_WARN_ABOUT_RETURN_TYPE = YES_ERROR;
				GCC_WARN_UNDECLARED_SELECTOR = YES;
				GCC_WARN_UNINITIALIZED_AUTOS = YES_AGGRESSIVE;
				GCC_WARN_UNUSED_FUNCTION = YES;
				GCC_WARN_UNUSED_VARIABLE = YES;
				IPHONEOS_DEPLOYMENT_TARGET = 10.2;
				MTL_ENABLE_DEBUG_INFO = YES;
				ONLY_ACTIVE_ARCH = YES;
				SDKROOT = iphoneos;
				SWIFT_ACTIVE_COMPILATION_CONDITIONS = DEBUG;
				SWIFT_OPTIMIZATION_LEVEL = "-Onone";
			};
			name = Debug;
		};
		045DED6E1E5C540E0048D31B /* Release */ = {
			isa = XCBuildConfiguration;
			buildSettings = {
				ALWAYS_SEARCH_USER_PATHS = NO;
				CLANG_ANALYZER_NONNULL = YES;
				CLANG_CXX_LANGUAGE_STANDARD = "gnu++0x";
				CLANG_CXX_LIBRARY = "libc++";
				CLANG_ENABLE_MODULES = YES;
				CLANG_ENABLE_OBJC_ARC = YES;
				CLANG_WARN_BOOL_CONVERSION = YES;
				CLANG_WARN_CONSTANT_CONVERSION = YES;
				CLANG_WARN_DIRECT_OBJC_ISA_USAGE = YES_ERROR;
				CLANG_WARN_DOCUMENTATION_COMMENTS = YES;
				CLANG_WARN_EMPTY_BODY = YES;
				CLANG_WARN_ENUM_CONVERSION = YES;
				CLANG_WARN_INFINITE_RECURSION = YES;
				CLANG_WARN_INT_CONVERSION = YES;
				CLANG_WARN_OBJC_ROOT_CLASS = YES_ERROR;
				CLANG_WARN_SUSPICIOUS_MOVE = YES;
				CLANG_WARN_UNREACHABLE_CODE = YES;
				CLANG_WARN__DUPLICATE_METHOD_MATCH = YES;
				"CODE_SIGN_IDENTITY[sdk=iphoneos*]" = "iPhone Developer";
				COPY_PHASE_STRIP = NO;
				DEBUG_INFORMATION_FORMAT = "dwarf-with-dsym";
				ENABLE_NS_ASSERTIONS = NO;
				ENABLE_STRICT_OBJC_MSGSEND = YES;
				GCC_C_LANGUAGE_STANDARD = gnu99;
				GCC_NO_COMMON_BLOCKS = YES;
				GCC_WARN_64_TO_32_BIT_CONVERSION = YES;
				GCC_WARN_ABOUT_RETURN_TYPE = YES_ERROR;
				GCC_WARN_UNDECLARED_SELECTOR = YES;
				GCC_WARN_UNINITIALIZED_AUTOS = YES_AGGRESSIVE;
				GCC_WARN_UNUSED_FUNCTION = YES;
				GCC_WARN_UNUSED_VARIABLE = YES;
				IPHONEOS_DEPLOYMENT_TARGET = 10.2;
				MTL_ENABLE_DEBUG_INFO = NO;
				SDKROOT = iphoneos;
				SWIFT_OPTIMIZATION_LEVEL = "-Owholemodule";
				VALIDATE_PRODUCT = YES;
			};
			name = Release;
		};
		045DED701E5C540E0048D31B /* Debug */ = {
			isa = XCBuildConfiguration;
			buildSettings = {
				ASSETCATALOG_COMPILER_APPICON_NAME = AppIcon;
				INFOPLIST_FILE = ContactsEffect/Info.plist;
				LD_RUNPATH_SEARCH_PATHS = "$(inherited) @executable_path/Frameworks";
				PRODUCT_BUNDLE_IDENTIFIER = apla.ContactsEffect;
				PRODUCT_NAME = "$(TARGET_NAME)";
				SWIFT_VERSION = 3.0;
			};
			name = Debug;
		};
		045DED711E5C540E0048D31B /* Release */ = {
			isa = XCBuildConfiguration;
			buildSettings = {
				ASSETCATALOG_COMPILER_APPICON_NAME = AppIcon;
				INFOPLIST_FILE = ContactsEffect/Info.plist;
				LD_RUNPATH_SEARCH_PATHS = "$(inherited) @executable_path/Frameworks";
				PRODUCT_BUNDLE_IDENTIFIER = apla.ContactsEffect;
				PRODUCT_NAME = "$(TARGET_NAME)";
				SWIFT_VERSION = 3.0;
			};
			name = Release;
		};
		045DED731E5C540E0048D31B /* Debug */ = {
			isa = XCBuildConfiguration;
			buildSettings = {
				ALWAYS_EMBED_SWIFT_STANDARD_LIBRARIES = YES;
				BUNDLE_LOADER = "$(TEST_HOST)";
				INFOPLIST_FILE = ContactsEffectTests/Info.plist;
				LD_RUNPATH_SEARCH_PATHS = "$(inherited) @executable_path/Frameworks @loader_path/Frameworks";
				PRODUCT_BUNDLE_IDENTIFIER = apla.ContactsEffectTests;
				PRODUCT_NAME = "$(TARGET_NAME)";
				SWIFT_VERSION = 3.0;
				TEST_HOST = "$(BUILT_PRODUCTS_DIR)/ContactsEffect.app/ContactsEffect";
			};
			name = Debug;
		};
		045DED741E5C540E0048D31B /* Release */ = {
			isa = XCBuildConfiguration;
			buildSettings = {
				ALWAYS_EMBED_SWIFT_STANDARD_LIBRARIES = YES;
				BUNDLE_LOADER = "$(TEST_HOST)";
				INFOPLIST_FILE = ContactsEffectTests/Info.plist;
				LD_RUNPATH_SEARCH_PATHS = "$(inherited) @executable_path/Frameworks @loader_path/Frameworks";
				PRODUCT_BUNDLE_IDENTIFIER = apla.ContactsEffectTests;
				PRODUCT_NAME = "$(TARGET_NAME)";
				SWIFT_VERSION = 3.0;
				TEST_HOST = "$(BUILT_PRODUCTS_DIR)/ContactsEffect.app/ContactsEffect";
			};
			name = Release;
		};
/* End XCBuildConfiguration section */

/* Begin XCConfigurationList section */
		045DED4D1E5C540D0048D31B /* Build configuration list for PBXProject "ContactsEffect" */ = {
			isa = XCConfigurationList;
			buildConfigurations = (
				045DED6D1E5C540E0048D31B /* Debug */,
				045DED6E1E5C540E0048D31B /* Release */,
			);
			defaultConfigurationIsVisible = 0;
			defaultConfigurationName = Release;
		};
		045DED6F1E5C540E0048D31B /* Build configuration list for PBXNativeTarget "ContactsEffect" */ = {
			isa = XCConfigurationList;
			buildConfigurations = (
				045DED701E5C540E0048D31B /* Debug */,
				045DED711E5C540E0048D31B /* Release */,
			);
			defaultConfigurationIsVisible = 0;
		};
		045DED721E5C540E0048D31B /* Build configuration list for PBXNativeTarget "ContactsEffectTests" */ = {
			isa = XCConfigurationList;
			buildConfigurations = (
				045DED731E5C540E0048D31B /* Debug */,
				045DED741E5C540E0048D31B /* Release */,
			);
			defaultConfigurationIsVisible = 0;
		};
/* End XCConfigurationList section */
	};
	rootObject = 045DED4A1E5C540D0048D31B /* Project object */;
}
